// !$*UTF8*$!
{
	archiveVersion = 1;
	classes = {
	};
	objectVersion = 55;
	objects = {

/* Begin PBXBuildFile section */
		4F48504428C358B60090AF64 /* DependecyInjector.swift in Sources */ = {isa = PBXBuildFile; fileRef = 4F48504328C358B60090AF64 /* DependecyInjector.swift */; };
		4F48504728C35A5F0090AF64 /* HomeProvide.swift in Sources */ = {isa = PBXBuildFile; fileRef = 4F48504628C35A5F0090AF64 /* HomeProvide.swift */; };
		4F48504A28C363A80090AF64 /* CellLaunch.swift in Sources */ = {isa = PBXBuildFile; fileRef = 4F48504928C363A80090AF64 /* CellLaunch.swift */; };
		4F48504D28C37B110090AF64 /* Kingfisher in Frameworks */ = {isa = PBXBuildFile; productRef = 4F48504C28C37B110090AF64 /* Kingfisher */; };
		4F48505028C37B780090AF64 /* KFVIew.swift in Sources */ = {isa = PBXBuildFile; fileRef = 4F48504F28C37B780090AF64 /* KFVIew.swift */; };
		4F5371D828BFE4E0009EEAD2 /* HomeLaunch+Json.swift in Sources */ = {isa = PBXBuildFile; fileRef = 4F5371D728BFE4E0009EEAD2 /* HomeLaunch+Json.swift */; };
		4F62121728BF8858000D68D3 /* spacexApp.swift in Sources */ = {isa = PBXBuildFile; fileRef = 4F62121628BF8858000D68D3 /* spacexApp.swift */; };
		4F62121B28BF885A000D68D3 /* Assets.xcassets in Resources */ = {isa = PBXBuildFile; fileRef = 4F62121A28BF885A000D68D3 /* Assets.xcassets */; };
		4F62121E28BF885A000D68D3 /* Preview Assets.xcassets in Resources */ = {isa = PBXBuildFile; fileRef = 4F62121D28BF885A000D68D3 /* Preview Assets.xcassets */; };
		4F62122828BF885A000D68D3 /* spacexTests.swift in Sources */ = {isa = PBXBuildFile; fileRef = 4F62122728BF885A000D68D3 /* spacexTests.swift */; };
		4F62123228BF885A000D68D3 /* spacexUITests.swift in Sources */ = {isa = PBXBuildFile; fileRef = 4F62123128BF885A000D68D3 /* spacexUITests.swift */; };
		4F62123428BF885A000D68D3 /* spacexUITestsLaunchTests.swift in Sources */ = {isa = PBXBuildFile; fileRef = 4F62123328BF885A000D68D3 /* spacexUITestsLaunchTests.swift */; };
		4F62124228BF8A69000D68D3 /* Alamofire in Frameworks */ = {isa = PBXBuildFile; productRef = 4F62124128BF8A69000D68D3 /* Alamofire */; };
		4F62124B28BF8B91000D68D3 /* APIConfiguration.swift in Sources */ = {isa = PBXBuildFile; fileRef = 4F62124A28BF8B91000D68D3 /* APIConfiguration.swift */; };
		4F62124D28BF8BE2000D68D3 /* CancelBag.swift in Sources */ = {isa = PBXBuildFile; fileRef = 4F62124C28BF8BE2000D68D3 /* CancelBag.swift */; };
		4F62124F28BF8C07000D68D3 /* ReachabilityNetwork.swift in Sources */ = {isa = PBXBuildFile; fileRef = 4F62124E28BF8C07000D68D3 /* ReachabilityNetwork.swift */; };
		4F62125128BF8C91000D68D3 /* Home.swift in Sources */ = {isa = PBXBuildFile; fileRef = 4F62125028BF8C91000D68D3 /* Home.swift */; };
		4F62126728BF9689000D68D3 /* HomeViewModel.swift in Sources */ = {isa = PBXBuildFile; fileRef = 4F62126628BF9689000D68D3 /* HomeViewModel.swift */; };
		4F62126928BF981A000D68D3 /* APIRouter.swift in Sources */ = {isa = PBXBuildFile; fileRef = 4F62126828BF981A000D68D3 /* APIRouter.swift */; };
		4F62126B28BF99A6000D68D3 /* APIError.swift in Sources */ = {isa = PBXBuildFile; fileRef = 4F62126A28BF99A6000D68D3 /* APIError.swift */; };
		4F62126E28BF9AE9000D68D3 /* APIRequestProvider.swift in Sources */ = {isa = PBXBuildFile; fileRef = 4F62126D28BF9AE9000D68D3 /* APIRequestProvider.swift */; };
		4F62127028BF9B3F000D68D3 /* Home+Json.swift in Sources */ = {isa = PBXBuildFile; fileRef = 4F62126F28BF9B3F000D68D3 /* Home+Json.swift */; };
		4F62127328BFA2CA000D68D3 /* Swinject in Frameworks */ = {isa = PBXBuildFile; productRef = 4F62127228BFA2CA000D68D3 /* Swinject */; };
		4F9A391228C6226E00156EDF /* Details.swift in Sources */ = {isa = PBXBuildFile; fileRef = 4F9A391128C6226E00156EDF /* Details.swift */; };
		4FD54A3C28C60E8900FDD20F /* SpaceX.xcdatamodeld in Sources */ = {isa = PBXBuildFile; fileRef = 4FD54A3A28C60E8900FDD20F /* SpaceX.xcdatamodeld */; };
		4FD54A3E28C60EF800FDD20F /* PersistenceController.swift in Sources */ = {isa = PBXBuildFile; fileRef = 4FD54A3D28C60EF800FDD20F /* PersistenceController.swift */; };
		4FD54A4028C60F3600FDD20F /* CoreDataManager.swift in Sources */ = {isa = PBXBuildFile; fileRef = 4FD54A3F28C60F3600FDD20F /* CoreDataManager.swift */; };
/* End PBXBuildFile section */

/* Begin PBXContainerItemProxy section */
		4F62122428BF885A000D68D3 /* PBXContainerItemProxy */ = {
			isa = PBXContainerItemProxy;
			containerPortal = 4F62120B28BF8858000D68D3 /* Project object */;
			proxyType = 1;
			remoteGlobalIDString = 4F62121228BF8858000D68D3;
			remoteInfo = spacex;
		};
		4F62122E28BF885A000D68D3 /* PBXContainerItemProxy */ = {
			isa = PBXContainerItemProxy;
			containerPortal = 4F62120B28BF8858000D68D3 /* Project object */;
			proxyType = 1;
			remoteGlobalIDString = 4F62121228BF8858000D68D3;
			remoteInfo = spacex;
		};
/* End PBXContainerItemProxy section */

/* Begin PBXFileReference section */
		4F48504328C358B60090AF64 /* DependecyInjector.swift */ = {isa = PBXFileReference; lastKnownFileType = sourcecode.swift; path = DependecyInjector.swift; sourceTree = "<group>"; };
		4F48504628C35A5F0090AF64 /* HomeProvide.swift */ = {isa = PBXFileReference; lastKnownFileType = sourcecode.swift; path = HomeProvide.swift; sourceTree = "<group>"; };
		4F48504928C363A80090AF64 /* CellLaunch.swift */ = {isa = PBXFileReference; lastKnownFileType = sourcecode.swift; path = CellLaunch.swift; sourceTree = "<group>"; };
		4F48504F28C37B780090AF64 /* KFVIew.swift */ = {isa = PBXFileReference; lastKnownFileType = sourcecode.swift; path = KFVIew.swift; sourceTree = "<group>"; };
		4F5371D728BFE4E0009EEAD2 /* HomeLaunch+Json.swift */ = {isa = PBXFileReference; lastKnownFileType = sourcecode.swift; path = "HomeLaunch+Json.swift"; sourceTree = "<group>"; };
		4F62121328BF8858000D68D3 /* spacex.app */ = {isa = PBXFileReference; explicitFileType = wrapper.application; includeInIndex = 0; path = spacex.app; sourceTree = BUILT_PRODUCTS_DIR; };
		4F62121628BF8858000D68D3 /* spacexApp.swift */ = {isa = PBXFileReference; lastKnownFileType = sourcecode.swift; path = spacexApp.swift; sourceTree = "<group>"; };
		4F62121A28BF885A000D68D3 /* Assets.xcassets */ = {isa = PBXFileReference; lastKnownFileType = folder.assetcatalog; path = Assets.xcassets; sourceTree = "<group>"; };
		4F62121D28BF885A000D68D3 /* Preview Assets.xcassets */ = {isa = PBXFileReference; lastKnownFileType = folder.assetcatalog; path = "Preview Assets.xcassets"; sourceTree = "<group>"; };
		4F62122328BF885A000D68D3 /* spacexTests.xctest */ = {isa = PBXFileReference; explicitFileType = wrapper.cfbundle; includeInIndex = 0; path = spacexTests.xctest; sourceTree = BUILT_PRODUCTS_DIR; };
		4F62122728BF885A000D68D3 /* spacexTests.swift */ = {isa = PBXFileReference; lastKnownFileType = sourcecode.swift; path = spacexTests.swift; sourceTree = "<group>"; };
		4F62122D28BF885A000D68D3 /* spacexUITests.xctest */ = {isa = PBXFileReference; explicitFileType = wrapper.cfbundle; includeInIndex = 0; path = spacexUITests.xctest; sourceTree = BUILT_PRODUCTS_DIR; };
		4F62123128BF885A000D68D3 /* spacexUITests.swift */ = {isa = PBXFileReference; lastKnownFileType = sourcecode.swift; path = spacexUITests.swift; sourceTree = "<group>"; };
		4F62123328BF885A000D68D3 /* spacexUITestsLaunchTests.swift */ = {isa = PBXFileReference; lastKnownFileType = sourcecode.swift; path = spacexUITestsLaunchTests.swift; sourceTree = "<group>"; };
		4F62124A28BF8B91000D68D3 /* APIConfiguration.swift */ = {isa = PBXFileReference; lastKnownFileType = sourcecode.swift; path = APIConfiguration.swift; sourceTree = "<group>"; };
		4F62124C28BF8BE2000D68D3 /* CancelBag.swift */ = {isa = PBXFileReference; lastKnownFileType = sourcecode.swift; path = CancelBag.swift; sourceTree = "<group>"; };
		4F62124E28BF8C07000D68D3 /* ReachabilityNetwork.swift */ = {isa = PBXFileReference; lastKnownFileType = sourcecode.swift; path = ReachabilityNetwork.swift; sourceTree = "<group>"; };
		4F62125028BF8C91000D68D3 /* Home.swift */ = {isa = PBXFileReference; lastKnownFileType = sourcecode.swift; path = Home.swift; sourceTree = "<group>"; };
		4F62126628BF9689000D68D3 /* HomeViewModel.swift */ = {isa = PBXFileReference; lastKnownFileType = sourcecode.swift; path = HomeViewModel.swift; sourceTree = "<group>"; };
		4F62126828BF981A000D68D3 /* APIRouter.swift */ = {isa = PBXFileReference; lastKnownFileType = sourcecode.swift; path = APIRouter.swift; sourceTree = "<group>"; };
		4F62126A28BF99A6000D68D3 /* APIError.swift */ = {isa = PBXFileReference; lastKnownFileType = sourcecode.swift; path = APIError.swift; sourceTree = "<group>"; };
		4F62126D28BF9AE9000D68D3 /* APIRequestProvider.swift */ = {isa = PBXFileReference; lastKnownFileType = sourcecode.swift; path = APIRequestProvider.swift; sourceTree = "<group>"; };
		4F62126F28BF9B3F000D68D3 /* Home+Json.swift */ = {isa = PBXFileReference; lastKnownFileType = sourcecode.swift; path = "Home+Json.swift"; sourceTree = "<group>"; };
		4F9A391128C6226E00156EDF /* Details.swift */ = {isa = PBXFileReference; lastKnownFileType = sourcecode.swift; path = Details.swift; sourceTree = "<group>"; };
		4FD54A3B28C60E8900FDD20F /* SpaceX.xcdatamodel */ = {isa = PBXFileReference; lastKnownFileType = wrapper.xcdatamodel; path = SpaceX.xcdatamodel; sourceTree = "<group>"; };
		4FD54A3D28C60EF800FDD20F /* PersistenceController.swift */ = {isa = PBXFileReference; lastKnownFileType = sourcecode.swift; path = PersistenceController.swift; sourceTree = "<group>"; };
		4FD54A3F28C60F3600FDD20F /* CoreDataManager.swift */ = {isa = PBXFileReference; lastKnownFileType = sourcecode.swift; path = CoreDataManager.swift; sourceTree = "<group>"; };
/* End PBXFileReference section */

/* Begin PBXFrameworksBuildPhase section */
		4F62121028BF8858000D68D3 /* Frameworks */ = {
			isa = PBXFrameworksBuildPhase;
			buildActionMask = 2147483647;
			files = (
				4F48504D28C37B110090AF64 /* Kingfisher in Frameworks */,
				4F62124228BF8A69000D68D3 /* Alamofire in Frameworks */,
				4F62127328BFA2CA000D68D3 /* Swinject in Frameworks */,
			);
			runOnlyForDeploymentPostprocessing = 0;
		};
		4F62122028BF885A000D68D3 /* Frameworks */ = {
			isa = PBXFrameworksBuildPhase;
			buildActionMask = 2147483647;
			files = (
			);
			runOnlyForDeploymentPostprocessing = 0;
		};
		4F62122A28BF885A000D68D3 /* Frameworks */ = {
			isa = PBXFrameworksBuildPhase;
			buildActionMask = 2147483647;
			files = (
			);
			runOnlyForDeploymentPostprocessing = 0;
		};
/* End PBXFrameworksBuildPhase section */

/* Begin PBXGroup section */
		4F48504528C35A460090AF64 /* DI */ = {
			isa = PBXGroup;
			children = (
				4F48504628C35A5F0090AF64 /* HomeProvide.swift */,
			);
			path = DI;
			sourceTree = "<group>";
		};
		4F48504828C363840090AF64 /* SubView */ = {
			isa = PBXGroup;
			children = (
				4F48504928C363A80090AF64 /* CellLaunch.swift */,
			);
			path = SubView;
			sourceTree = "<group>";
		};
		4F48504E28C37B5E0090AF64 /* Utils */ = {
			isa = PBXGroup;
			children = (
				4F48504F28C37B780090AF64 /* KFVIew.swift */,
			);
			path = Utils;
			sourceTree = "<group>";
		};
		4F62120A28BF8858000D68D3 = {
			isa = PBXGroup;
			children = (
				4F62121528BF8858000D68D3 /* spacex */,
				4F62122628BF885A000D68D3 /* spacexTests */,
				4F62123028BF885A000D68D3 /* spacexUITests */,
				4F62121428BF8858000D68D3 /* Products */,
			);
			sourceTree = "<group>";
		};
		4F62121428BF8858000D68D3 /* Products */ = {
			isa = PBXGroup;
			children = (
				4F62121328BF8858000D68D3 /* spacex.app */,
				4F62122328BF885A000D68D3 /* spacexTests.xctest */,
				4F62122D28BF885A000D68D3 /* spacexUITests.xctest */,
			);
			name = Products;
			sourceTree = "<group>";
		};
		4F62121528BF8858000D68D3 /* spacex */ = {
			isa = PBXGroup;
			children = (
				4F62124328BF8AA9000D68D3 /* Resources */,
				4F62124928BF8B6B000D68D3 /* Network */,
				4FD54A3928C60E2A00FDD20F /* DataBase */,
				4F62127428BFA39B000D68D3 /* DI */,
				4F48504E28C37B5E0090AF64 /* Utils */,
				4F62124428BF8AC1000D68D3 /* UI */,
			);
			path = spacex;
			sourceTree = "<group>";
		};
		4F62121C28BF885A000D68D3 /* Preview Content */ = {
			isa = PBXGroup;
			children = (
				4F62121D28BF885A000D68D3 /* Preview Assets.xcassets */,
			);
			path = "Preview Content";
			sourceTree = "<group>";
		};
		4F62122628BF885A000D68D3 /* spacexTests */ = {
			isa = PBXGroup;
			children = (
				4F62122728BF885A000D68D3 /* spacexTests.swift */,
			);
			path = spacexTests;
			sourceTree = "<group>";
		};
		4F62123028BF885A000D68D3 /* spacexUITests */ = {
			isa = PBXGroup;
			children = (
				4F62123128BF885A000D68D3 /* spacexUITests.swift */,
				4F62123328BF885A000D68D3 /* spacexUITestsLaunchTests.swift */,
			);
			path = spacexUITests;
			sourceTree = "<group>";
		};
		4F62124328BF8AA9000D68D3 /* Resources */ = {
			isa = PBXGroup;
			children = (
				4F62121628BF8858000D68D3 /* spacexApp.swift */,
				4F62121A28BF885A000D68D3 /* Assets.xcassets */,
				4F62121C28BF885A000D68D3 /* Preview Content */,
			);
			path = Resources;
			sourceTree = "<group>";
		};
		4F62124428BF8AC1000D68D3 /* UI */ = {
			isa = PBXGroup;
			children = (
				4F62124528BF8ACB000D68D3 /* Home */,
				4F9A390E28C6224600156EDF /* Details */,
			);
			path = UI;
			sourceTree = "<group>";
		};
		4F62124528BF8ACB000D68D3 /* Home */ = {
			isa = PBXGroup;
			children = (
				4F62124628BF8AD4000D68D3 /* View */,
				4F62124828BF8AE0000D68D3 /* ViewModel */,
				4F62124728BF8AD9000D68D3 /* Model */,
				4F48504528C35A460090AF64 /* DI */,
			);
			path = Home;
			sourceTree = "<group>";
		};
		4F62124628BF8AD4000D68D3 /* View */ = {
			isa = PBXGroup;
			children = (
				4F62125028BF8C91000D68D3 /* Home.swift */,
				4F48504828C363840090AF64 /* SubView */,
			);
			path = View;
			sourceTree = "<group>";
		};
		4F62124728BF8AD9000D68D3 /* Model */ = {
			isa = PBXGroup;
			children = (
				4F5371D728BFE4E0009EEAD2 /* HomeLaunch+Json.swift */,
				4F62126F28BF9B3F000D68D3 /* Home+Json.swift */,
			);
			path = Model;
			sourceTree = "<group>";
		};
		4F62124828BF8AE0000D68D3 /* ViewModel */ = {
			isa = PBXGroup;
			children = (
				4F62126628BF9689000D68D3 /* HomeViewModel.swift */,
			);
			path = ViewModel;
			sourceTree = "<group>";
		};
		4F62124928BF8B6B000D68D3 /* Network */ = {
			isa = PBXGroup;
			children = (
				4F62126D28BF9AE9000D68D3 /* APIRequestProvider.swift */,
				4F62124E28BF8C07000D68D3 /* ReachabilityNetwork.swift */,
				4F62124C28BF8BE2000D68D3 /* CancelBag.swift */,
				4F62126C28BF99BD000D68D3 /* EndPoint */,
			);
			path = Network;
			sourceTree = "<group>";
		};
		4F62126C28BF99BD000D68D3 /* EndPoint */ = {
			isa = PBXGroup;
			children = (
				4F62124A28BF8B91000D68D3 /* APIConfiguration.swift */,
				4F62126828BF981A000D68D3 /* APIRouter.swift */,
				4F62126A28BF99A6000D68D3 /* APIError.swift */,
			);
			path = EndPoint;
			sourceTree = "<group>";
		};
		4F62127428BFA39B000D68D3 /* DI */ = {
			isa = PBXGroup;
			children = (
				4F48504328C358B60090AF64 /* DependecyInjector.swift */,
			);
			path = DI;
			sourceTree = "<group>";
		};
		4F9A390E28C6224600156EDF /* Details */ = {
			isa = PBXGroup;
			children = (
				4F9A391128C6226E00156EDF /* Details.swift */,
			);
			path = Details;
			sourceTree = "<group>";
		};
		4FD54A3928C60E2A00FDD20F /* DataBase */ = {
			isa = PBXGroup;
			children = (
				4FD54A3F28C60F3600FDD20F /* CoreDataManager.swift */,
				4FD54A3D28C60EF800FDD20F /* PersistenceController.swift */,
				4FD54A3A28C60E8900FDD20F /* SpaceX.xcdatamodeld */,
			);
			path = DataBase;
			sourceTree = "<group>";
		};
/* End PBXGroup section */

/* Begin PBXNativeTarget section */
		4F62121228BF8858000D68D3 /* spacex */ = {
			isa = PBXNativeTarget;
			buildConfigurationList = 4F62123728BF885A000D68D3 /* Build configuration list for PBXNativeTarget "spacex" */;
			buildPhases = (
				4F62120F28BF8858000D68D3 /* Sources */,
				4F62121028BF8858000D68D3 /* Frameworks */,
				4F62121128BF8858000D68D3 /* Resources */,
			);
			buildRules = (
			);
			dependencies = (
			);
			name = spacex;
			packageProductDependencies = (
				4F62124128BF8A69000D68D3 /* Alamofire */,
				4F62127228BFA2CA000D68D3 /* Swinject */,
				4F48504C28C37B110090AF64 /* Kingfisher */,
			);
			productName = spacex;
			productReference = 4F62121328BF8858000D68D3 /* spacex.app */;
			productType = "com.apple.product-type.application";
		};
		4F62122228BF885A000D68D3 /* spacexTests */ = {
			isa = PBXNativeTarget;
			buildConfigurationList = 4F62123A28BF885A000D68D3 /* Build configuration list for PBXNativeTarget "spacexTests" */;
			buildPhases = (
				4F62121F28BF885A000D68D3 /* Sources */,
				4F62122028BF885A000D68D3 /* Frameworks */,
				4F62122128BF885A000D68D3 /* Resources */,
			);
			buildRules = (
			);
			dependencies = (
				4F62122528BF885A000D68D3 /* PBXTargetDependency */,
			);
			name = spacexTests;
			productName = spacexTests;
			productReference = 4F62122328BF885A000D68D3 /* spacexTests.xctest */;
			productType = "com.apple.product-type.bundle.unit-test";
		};
		4F62122C28BF885A000D68D3 /* spacexUITests */ = {
			isa = PBXNativeTarget;
			buildConfigurationList = 4F62123D28BF885A000D68D3 /* Build configuration list for PBXNativeTarget "spacexUITests" */;
			buildPhases = (
				4F62122928BF885A000D68D3 /* Sources */,
				4F62122A28BF885A000D68D3 /* Frameworks */,
				4F62122B28BF885A000D68D3 /* Resources */,
			);
			buildRules = (
			);
			dependencies = (
				4F62122F28BF885A000D68D3 /* PBXTargetDependency */,
			);
			name = spacexUITests;
			productName = spacexUITests;
			productReference = 4F62122D28BF885A000D68D3 /* spacexUITests.xctest */;
			productType = "com.apple.product-type.bundle.ui-testing";
		};
/* End PBXNativeTarget section */

/* Begin PBXProject section */
		4F62120B28BF8858000D68D3 /* Project object */ = {
			isa = PBXProject;
			attributes = {
				BuildIndependentTargetsInParallel = 1;
				LastSwiftUpdateCheck = 1340;
				LastUpgradeCheck = 1340;
				TargetAttributes = {
					4F62121228BF8858000D68D3 = {
						CreatedOnToolsVersion = 13.4.1;
					};
					4F62122228BF885A000D68D3 = {
						CreatedOnToolsVersion = 13.4.1;
						TestTargetID = 4F62121228BF8858000D68D3;
					};
					4F62122C28BF885A000D68D3 = {
						CreatedOnToolsVersion = 13.4.1;
						TestTargetID = 4F62121228BF8858000D68D3;
					};
				};
			};
			buildConfigurationList = 4F62120E28BF8858000D68D3 /* Build configuration list for PBXProject "spacex" */;
			compatibilityVersion = "Xcode 13.0";
			developmentRegion = en;
			hasScannedForEncodings = 0;
			knownRegions = (
				en,
				Base,
			);
			mainGroup = 4F62120A28BF8858000D68D3;
			packageReferences = (
				4F62124028BF8A69000D68D3 /* XCRemoteSwiftPackageReference "Alamofire" */,
				4F62127128BFA2CA000D68D3 /* XCRemoteSwiftPackageReference "Swinject" */,
				4F48504B28C37B110090AF64 /* XCRemoteSwiftPackageReference "Kingfisher" */,
			);
			productRefGroup = 4F62121428BF8858000D68D3 /* Products */;
			projectDirPath = "";
			projectRoot = "";
			targets = (
				4F62121228BF8858000D68D3 /* spacex */,
				4F62122228BF885A000D68D3 /* spacexTests */,
				4F62122C28BF885A000D68D3 /* spacexUITests */,
			);
		};
/* End PBXProject section */

/* Begin PBXResourcesBuildPhase section */
		4F62121128BF8858000D68D3 /* Resources */ = {
			isa = PBXResourcesBuildPhase;
			buildActionMask = 2147483647;
			files = (
				4F62121E28BF885A000D68D3 /* Preview Assets.xcassets in Resources */,
				4F62121B28BF885A000D68D3 /* Assets.xcassets in Resources */,
			);
			runOnlyForDeploymentPostprocessing = 0;
		};
		4F62122128BF885A000D68D3 /* Resources */ = {
			isa = PBXResourcesBuildPhase;
			buildActionMask = 2147483647;
			files = (
			);
			runOnlyForDeploymentPostprocessing = 0;
		};
		4F62122B28BF885A000D68D3 /* Resources */ = {
			isa = PBXResourcesBuildPhase;
			buildActionMask = 2147483647;
			files = (
			);
			runOnlyForDeploymentPostprocessing = 0;
		};
/* End PBXResourcesBuildPhase section */

/* Begin PBXSourcesBuildPhase section */
		4F62120F28BF8858000D68D3 /* Sources */ = {
			isa = PBXSourcesBuildPhase;
			buildActionMask = 2147483647;
			files = (
				4F62126928BF981A000D68D3 /* APIRouter.swift in Sources */,
				4F62126E28BF9AE9000D68D3 /* APIRequestProvider.swift in Sources */,
				4F5371D828BFE4E0009EEAD2 /* HomeLaunch+Json.swift in Sources */,
				4F62121728BF8858000D68D3 /* spacexApp.swift in Sources */,
				4F48504A28C363A80090AF64 /* CellLaunch.swift in Sources */,
				4F48504728C35A5F0090AF64 /* HomeProvide.swift in Sources */,
				4FD54A4028C60F3600FDD20F /* CoreDataManager.swift in Sources */,
				4F62126728BF9689000D68D3 /* HomeViewModel.swift in Sources */,
				4F48505028C37B780090AF64 /* KFVIew.swift in Sources */,
				4F62124B28BF8B91000D68D3 /* APIConfiguration.swift in Sources */,
				4F9A391228C6226E00156EDF /* Details.swift in Sources */,
				4F62125128BF8C91000D68D3 /* Home.swift in Sources */,
				4FD54A3E28C60EF800FDD20F /* PersistenceController.swift in Sources */,
				4F62127028BF9B3F000D68D3 /* Home+Json.swift in Sources */,
				4F62126B28BF99A6000D68D3 /* APIError.swift in Sources */,
				4F48504428C358B60090AF64 /* DependecyInjector.swift in Sources */,
				4F62124D28BF8BE2000D68D3 /* CancelBag.swift in Sources */,
				4F62124F28BF8C07000D68D3 /* ReachabilityNetwork.swift in Sources */,
				4FD54A3C28C60E8900FDD20F /* SpaceX.xcdatamodeld in Sources */,
			);
			runOnlyForDeploymentPostprocessing = 0;
		};
		4F62121F28BF885A000D68D3 /* Sources */ = {
			isa = PBXSourcesBuildPhase;
			buildActionMask = 2147483647;
			files = (
				4F62122828BF885A000D68D3 /* spacexTests.swift in Sources */,
			);
			runOnlyForDeploymentPostprocessing = 0;
		};
		4F62122928BF885A000D68D3 /* Sources */ = {
			isa = PBXSourcesBuildPhase;
			buildActionMask = 2147483647;
			files = (
				4F62123428BF885A000D68D3 /* spacexUITestsLaunchTests.swift in Sources */,
				4F62123228BF885A000D68D3 /* spacexUITests.swift in Sources */,
			);
			runOnlyForDeploymentPostprocessing = 0;
		};
/* End PBXSourcesBuildPhase section */

/* Begin PBXTargetDependency section */
		4F62122528BF885A000D68D3 /* PBXTargetDependency */ = {
			isa = PBXTargetDependency;
			target = 4F62121228BF8858000D68D3 /* spacex */;
			targetProxy = 4F62122428BF885A000D68D3 /* PBXContainerItemProxy */;
		};
		4F62122F28BF885A000D68D3 /* PBXTargetDependency */ = {
			isa = PBXTargetDependency;
			target = 4F62121228BF8858000D68D3 /* spacex */;
			targetProxy = 4F62122E28BF885A000D68D3 /* PBXContainerItemProxy */;
		};
/* End PBXTargetDependency section */

/* Begin XCBuildConfiguration section */
		4F62123528BF885A000D68D3 /* Debug */ = {
			isa = XCBuildConfiguration;
			buildSettings = {
				ALWAYS_SEARCH_USER_PATHS = NO;
				CLANG_ANALYZER_NONNULL = YES;
				CLANG_ANALYZER_NUMBER_OBJECT_CONVERSION = YES_AGGRESSIVE;
				CLANG_CXX_LANGUAGE_STANDARD = "gnu++17";
				CLANG_ENABLE_MODULES = YES;
				CLANG_ENABLE_OBJC_ARC = YES;
				CLANG_ENABLE_OBJC_WEAK = YES;
				CLANG_WARN_BLOCK_CAPTURE_AUTORELEASING = YES;
				CLANG_WARN_BOOL_CONVERSION = YES;
				CLANG_WARN_COMMA = YES;
				CLANG_WARN_CONSTANT_CONVERSION = YES;
				CLANG_WARN_DEPRECATED_OBJC_IMPLEMENTATIONS = YES;
				CLANG_WARN_DIRECT_OBJC_ISA_USAGE = YES_ERROR;
				CLANG_WARN_DOCUMENTATION_COMMENTS = YES;
				CLANG_WARN_EMPTY_BODY = YES;
				CLANG_WARN_ENUM_CONVERSION = YES;
				CLANG_WARN_INFINITE_RECURSION = YES;
				CLANG_WARN_INT_CONVERSION = YES;
				CLANG_WARN_NON_LITERAL_NULL_CONVERSION = YES;
				CLANG_WARN_OBJC_IMPLICIT_RETAIN_SELF = YES;
				CLANG_WARN_OBJC_LITERAL_CONVERSION = YES;
				CLANG_WARN_OBJC_ROOT_CLASS = YES_ERROR;
				CLANG_WARN_QUOTED_INCLUDE_IN_FRAMEWORK_HEADER = YES;
				CLANG_WARN_RANGE_LOOP_ANALYSIS = YES;
				CLANG_WARN_STRICT_PROTOTYPES = YES;
				CLANG_WARN_SUSPICIOUS_MOVE = YES;
				CLANG_WARN_UNGUARDED_AVAILABILITY = YES_AGGRESSIVE;
				CLANG_WARN_UNREACHABLE_CODE = YES;
				CLANG_WARN__DUPLICATE_METHOD_MATCH = YES;
				COPY_PHASE_STRIP = NO;
				DEBUG_INFORMATION_FORMAT = dwarf;
				ENABLE_STRICT_OBJC_MSGSEND = YES;
				ENABLE_TESTABILITY = YES;
				GCC_C_LANGUAGE_STANDARD = gnu11;
				GCC_DYNAMIC_NO_PIC = NO;
				GCC_NO_COMMON_BLOCKS = YES;
				GCC_OPTIMIZATION_LEVEL = 0;
				GCC_PREPROCESSOR_DEFINITIONS = (
					"DEBUG=1",
					"$(inherited)",
				);
				GCC_WARN_64_TO_32_BIT_CONVERSION = YES;
				GCC_WARN_ABOUT_RETURN_TYPE = YES_ERROR;
				GCC_WARN_UNDECLARED_SELECTOR = YES;
				GCC_WARN_UNINITIALIZED_AUTOS = YES_AGGRESSIVE;
				GCC_WARN_UNUSED_FUNCTION = YES;
				GCC_WARN_UNUSED_VARIABLE = YES;
				IPHONEOS_DEPLOYMENT_TARGET = 15.5;
				MTL_ENABLE_DEBUG_INFO = INCLUDE_SOURCE;
				MTL_FAST_MATH = YES;
				ONLY_ACTIVE_ARCH = YES;
				SDKROOT = iphoneos;
				SWIFT_ACTIVE_COMPILATION_CONDITIONS = DEBUG;
				SWIFT_OPTIMIZATION_LEVEL = "-Onone";
			};
			name = Debug;
		};
		4F62123628BF885A000D68D3 /* Release */ = {
			isa = XCBuildConfiguration;
			buildSettings = {
				ALWAYS_SEARCH_USER_PATHS = NO;
				CLANG_ANALYZER_NONNULL = YES;
				CLANG_ANALYZER_NUMBER_OBJECT_CONVERSION = YES_AGGRESSIVE;
				CLANG_CXX_LANGUAGE_STANDARD = "gnu++17";
				CLANG_ENABLE_MODULES = YES;
				CLANG_ENABLE_OBJC_ARC = YES;
				CLANG_ENABLE_OBJC_WEAK = YES;
				CLANG_WARN_BLOCK_CAPTURE_AUTORELEASING = YES;
				CLANG_WARN_BOOL_CONVERSION = YES;
				CLANG_WARN_COMMA = YES;
				CLANG_WARN_CONSTANT_CONVERSION = YES;
				CLANG_WARN_DEPRECATED_OBJC_IMPLEMENTATIONS = YES;
				CLANG_WARN_DIRECT_OBJC_ISA_USAGE = YES_ERROR;
				CLANG_WARN_DOCUMENTATION_COMMENTS = YES;
				CLANG_WARN_EMPTY_BODY = YES;
				CLANG_WARN_ENUM_CONVERSION = YES;
				CLANG_WARN_INFINITE_RECURSION = YES;
				CLANG_WARN_INT_CONVERSION = YES;
				CLANG_WARN_NON_LITERAL_NULL_CONVERSION = YES;
				CLANG_WARN_OBJC_IMPLICIT_RETAIN_SELF = YES;
				CLANG_WARN_OBJC_LITERAL_CONVERSION = YES;
				CLANG_WARN_OBJC_ROOT_CLASS = YES_ERROR;
				CLANG_WARN_QUOTED_INCLUDE_IN_FRAMEWORK_HEADER = YES;
				CLANG_WARN_RANGE_LOOP_ANALYSIS = YES;
				CLANG_WARN_STRICT_PROTOTYPES = YES;
				CLANG_WARN_SUSPICIOUS_MOVE = YES;
				CLANG_WARN_UNGUARDED_AVAILABILITY = YES_AGGRESSIVE;
				CLANG_WARN_UNREACHABLE_CODE = YES;
				CLANG_WARN__DUPLICATE_METHOD_MATCH = YES;
				COPY_PHASE_STRIP = NO;
				DEBUG_INFORMATION_FORMAT = "dwarf-with-dsym";
				ENABLE_NS_ASSERTIONS = NO;
				ENABLE_STRICT_OBJC_MSGSEND = YES;
				GCC_C_LANGUAGE_STANDARD = gnu11;
				GCC_NO_COMMON_BLOCKS = YES;
				GCC_WARN_64_TO_32_BIT_CONVERSION = YES;
				GCC_WARN_ABOUT_RETURN_TYPE = YES_ERROR;
				GCC_WARN_UNDECLARED_SELECTOR = YES;
				GCC_WARN_UNINITIALIZED_AUTOS = YES_AGGRESSIVE;
				GCC_WARN_UNUSED_FUNCTION = YES;
				GCC_WARN_UNUSED_VARIABLE = YES;
				IPHONEOS_DEPLOYMENT_TARGET = 15.5;
				MTL_ENABLE_DEBUG_INFO = NO;
				MTL_FAST_MATH = YES;
				SDKROOT = iphoneos;
				SWIFT_COMPILATION_MODE = wholemodule;
				SWIFT_OPTIMIZATION_LEVEL = "-O";
				VALIDATE_PRODUCT = YES;
			};
			name = Release;
		};
		4F62123828BF885A000D68D3 /* Debug */ = {
			isa = XCBuildConfiguration;
			buildSettings = {
				ASSETCATALOG_COMPILER_APPICON_NAME = AppIcon;
				ASSETCATALOG_COMPILER_GLOBAL_ACCENT_COLOR_NAME = AccentColor;
				CODE_SIGN_STYLE = Automatic;
				CURRENT_PROJECT_VERSION = 1;
				DEVELOPMENT_ASSET_PATHS = "\"spacex/Resources/Preview Content\"";
				DEVELOPMENT_TEAM = B48Q8RY5GC;
				ENABLE_PREVIEWS = YES;
				GENERATE_INFOPLIST_FILE = YES;
				INFOPLIST_KEY_UIApplicationSceneManifest_Generation = YES;
				INFOPLIST_KEY_UIApplicationSupportsIndirectInputEvents = YES;
				INFOPLIST_KEY_UILaunchScreen_Generation = YES;
				INFOPLIST_KEY_UISupportedInterfaceOrientations_iPad = "UIInterfaceOrientationPortrait UIInterfaceOrientationPortraitUpsideDown UIInterfaceOrientationLandscapeLeft UIInterfaceOrientationLandscapeRight";
				INFOPLIST_KEY_UISupportedInterfaceOrientations_iPhone = "UIInterfaceOrientationPortrait UIInterfaceOrientationLandscapeLeft UIInterfaceOrientationLandscapeRight";
				LD_RUNPATH_SEARCH_PATHS = (
					"$(inherited)",
					"@executable_path/Frameworks",
				);
				MARKETING_VERSION = 1.0;
				PRODUCT_BUNDLE_IDENTIFIER = spacex.HosseinRezazadeh.spacex;
				PRODUCT_NAME = "$(TARGET_NAME)";
				SWIFT_EMIT_LOC_STRINGS = YES;
				SWIFT_VERSION = 5.0;
				TARGETED_DEVICE_FAMILY = "1,2";
			};
			name = Debug;
		};
		4F62123928BF885A000D68D3 /* Release */ = {
			isa = XCBuildConfiguration;
			buildSettings = {
				ASSETCATALOG_COMPILER_APPICON_NAME = AppIcon;
				ASSETCATALOG_COMPILER_GLOBAL_ACCENT_COLOR_NAME = AccentColor;
				CODE_SIGN_STYLE = Automatic;
				CURRENT_PROJECT_VERSION = 1;
				DEVELOPMENT_ASSET_PATHS = "\"spacex/Resources/Preview Content\"";
				DEVELOPMENT_TEAM = B48Q8RY5GC;
				ENABLE_PREVIEWS = YES;
				GENERATE_INFOPLIST_FILE = YES;
				INFOPLIST_KEY_UIApplicationSceneManifest_Generation = YES;
				INFOPLIST_KEY_UIApplicationSupportsIndirectInputEvents = YES;
				INFOPLIST_KEY_UILaunchScreen_Generation = YES;
				INFOPLIST_KEY_UISupportedInterfaceOrientations_iPad = "UIInterfaceOrientationPortrait UIInterfaceOrientationPortraitUpsideDown UIInterfaceOrientationLandscapeLeft UIInterfaceOrientationLandscapeRight";
				INFOPLIST_KEY_UISupportedInterfaceOrientations_iPhone = "UIInterfaceOrientationPortrait UIInterfaceOrientationLandscapeLeft UIInterfaceOrientationLandscapeRight";
				LD_RUNPATH_SEARCH_PATHS = (
					"$(inherited)",
					"@executable_path/Frameworks",
				);
				MARKETING_VERSION = 1.0;
				PRODUCT_BUNDLE_IDENTIFIER = spacex.HosseinRezazadeh.spacex;
				PRODUCT_NAME = "$(TARGET_NAME)";
				SWIFT_EMIT_LOC_STRINGS = YES;
				SWIFT_VERSION = 5.0;
				TARGETED_DEVICE_FAMILY = "1,2";
			};
			name = Release;
		};
		4F62123B28BF885A000D68D3 /* Debug */ = {
			isa = XCBuildConfiguration;
			buildSettings = {
				ALWAYS_EMBED_SWIFT_STANDARD_LIBRARIES = YES;
				BUNDLE_LOADER = "$(TEST_HOST)";
				CODE_SIGN_STYLE = Automatic;
				CURRENT_PROJECT_VERSION = 1;
				DEVELOPMENT_TEAM = B48Q8RY5GC;
				GENERATE_INFOPLIST_FILE = YES;
				IPHONEOS_DEPLOYMENT_TARGET = 15.5;
				MARKETING_VERSION = 1.0;
				PRODUCT_BUNDLE_IDENTIFIER = spacex.HosseinRezazadeh.spacexTests;
				PRODUCT_NAME = "$(TARGET_NAME)";
				SWIFT_EMIT_LOC_STRINGS = NO;
				SWIFT_VERSION = 5.0;
				TARGETED_DEVICE_FAMILY = "1,2";
				TEST_HOST = "$(BUILT_PRODUCTS_DIR)/spacex.app/spacex";
			};
			name = Debug;
		};
		4F62123C28BF885A000D68D3 /* Release */ = {
			isa = XCBuildConfiguration;
			buildSettings = {
				ALWAYS_EMBED_SWIFT_STANDARD_LIBRARIES = YES;
				BUNDLE_LOADER = "$(TEST_HOST)";
				CODE_SIGN_STYLE = Automatic;
				CURRENT_PROJECT_VERSION = 1;
				DEVELOPMENT_TEAM = B48Q8RY5GC;
				GENERATE_INFOPLIST_FILE = YES;
				IPHONEOS_DEPLOYMENT_TARGET = 15.5;
				MARKETING_VERSION = 1.0;
				PRODUCT_BUNDLE_IDENTIFIER = spacex.HosseinRezazadeh.spacexTests;
				PRODUCT_NAME = "$(TARGET_NAME)";
				SWIFT_EMIT_LOC_STRINGS = NO;
				SWIFT_VERSION = 5.0;
				TARGETED_DEVICE_FAMILY = "1,2";
				TEST_HOST = "$(BUILT_PRODUCTS_DIR)/spacex.app/spacex";
			};
			name = Release;
		};
		4F62123E28BF885A000D68D3 /* Debug */ = {
			isa = XCBuildConfiguration;
			buildSettings = {
				ALWAYS_EMBED_SWIFT_STANDARD_LIBRARIES = YES;
				CODE_SIGN_STYLE = Automatic;
				CURRENT_PROJECT_VERSION = 1;
				DEVELOPMENT_TEAM = B48Q8RY5GC;
				GENERATE_INFOPLIST_FILE = YES;
				MARKETING_VERSION = 1.0;
				PRODUCT_BUNDLE_IDENTIFIER = spacex.HosseinRezazadeh.spacexUITests;
				PRODUCT_NAME = "$(TARGET_NAME)";
				SWIFT_EMIT_LOC_STRINGS = NO;
				SWIFT_VERSION = 5.0;
				TARGETED_DEVICE_FAMILY = "1,2";
				TEST_TARGET_NAME = spacex;
			};
			name = Debug;
		};
		4F62123F28BF885A000D68D3 /* Release */ = {
			isa = XCBuildConfiguration;
			buildSettings = {
				ALWAYS_EMBED_SWIFT_STANDARD_LIBRARIES = YES;
				CODE_SIGN_STYLE = Automatic;
				CURRENT_PROJECT_VERSION = 1;
				DEVELOPMENT_TEAM = B48Q8RY5GC;
				GENERATE_INFOPLIST_FILE = YES;
				MARKETING_VERSION = 1.0;
				PRODUCT_BUNDLE_IDENTIFIER = spacex.HosseinRezazadeh.spacexUITests;
				PRODUCT_NAME = "$(TARGET_NAME)";
				SWIFT_EMIT_LOC_STRINGS = NO;
				SWIFT_VERSION = 5.0;
				TARGETED_DEVICE_FAMILY = "1,2";
				TEST_TARGET_NAME = spacex;
			};
			name = Release;
		};
/* End XCBuildConfiguration section */

/* Begin XCConfigurationList section */
		4F62120E28BF8858000D68D3 /* Build configuration list for PBXProject "spacex" */ = {
			isa = XCConfigurationList;
			buildConfigurations = (
				4F62123528BF885A000D68D3 /* Debug */,
				4F62123628BF885A000D68D3 /* Release */,
			);
			defaultConfigurationIsVisible = 0;
			defaultConfigurationName = Release;
		};
		4F62123728BF885A000D68D3 /* Build configuration list for PBXNativeTarget "spacex" */ = {
			isa = XCConfigurationList;
			buildConfigurations = (
				4F62123828BF885A000D68D3 /* Debug */,
				4F62123928BF885A000D68D3 /* Release */,
			);
			defaultConfigurationIsVisible = 0;
			defaultConfigurationName = Release;
		};
		4F62123A28BF885A000D68D3 /* Build configuration list for PBXNativeTarget "spacexTests" */ = {
			isa = XCConfigurationList;
			buildConfigurations = (
				4F62123B28BF885A000D68D3 /* Debug */,
				4F62123C28BF885A000D68D3 /* Release */,
			);
			defaultConfigurationIsVisible = 0;
			defaultConfigurationName = Release;
		};
		4F62123D28BF885A000D68D3 /* Build configuration list for PBXNativeTarget "spacexUITests" */ = {
			isa = XCConfigurationList;
			buildConfigurations = (
				4F62123E28BF885A000D68D3 /* Debug */,
				4F62123F28BF885A000D68D3 /* Release */,
			);
			defaultConfigurationIsVisible = 0;
			defaultConfigurationName = Release;
		};
/* End XCConfigurationList section */

/* Begin XCRemoteSwiftPackageReference section */
		4F48504B28C37B110090AF64 /* XCRemoteSwiftPackageReference "Kingfisher" */ = {
			isa = XCRemoteSwiftPackageReference;
			repositoryURL = "https://github.com/onevcat/Kingfisher.git";
			requirement = {
				kind = upToNextMajorVersion;
				minimumVersion = 7.0.0;
			};
		};
		4F62124028BF8A69000D68D3 /* XCRemoteSwiftPackageReference "Alamofire" */ = {
			isa = XCRemoteSwiftPackageReference;
			repositoryURL = "https://github.com/Alamofire/Alamofire.git";
			requirement = {
				kind = upToNextMajorVersion;
				minimumVersion = 5.0.0;
			};
		};
		4F62127128BFA2CA000D68D3 /* XCRemoteSwiftPackageReference "Swinject" */ = {
			isa = XCRemoteSwiftPackageReference;
			repositoryURL = "https://github.com/Swinject/Swinject.git";
			requirement = {
				kind = upToNextMajorVersion;
				minimumVersion = 2.0.0;
			};
		};
/* End XCRemoteSwiftPackageReference section */

/* Begin XCSwiftPackageProductDependency section */
		4F48504C28C37B110090AF64 /* Kingfisher */ = {
			isa = XCSwiftPackageProductDependency;
			package = 4F48504B28C37B110090AF64 /* XCRemoteSwiftPackageReference "Kingfisher" */;
			productName = Kingfisher;
		};
		4F62124128BF8A69000D68D3 /* Alamofire */ = {
			isa = XCSwiftPackageProductDependency;
			package = 4F62124028BF8A69000D68D3 /* XCRemoteSwiftPackageReference "Alamofire" */;
			productName = Alamofire;
		};
		4F62127228BFA2CA000D68D3 /* Swinject */ = {
			isa = XCSwiftPackageProductDependency;
			package = 4F62127128BFA2CA000D68D3 /* XCRemoteSwiftPackageReference "Swinject" */;
			productName = Swinject;
		};
/* End XCSwiftPackageProductDependency section */

/* Begin XCVersionGroup section */
		4FD54A3A28C60E8900FDD20F /* SpaceX.xcdatamodeld */ = {
			isa = XCVersionGroup;
			children = (
				4FD54A3B28C60E8900FDD20F /* SpaceX.xcdatamodel */,
			);
			currentVersion = 4FD54A3B28C60E8900FDD20F /* SpaceX.xcdatamodel */;
			path = SpaceX.xcdatamodeld;
			sourceTree = "<group>";
			versionGroupType = wrapper.xcdatamodel;
		};
/* End XCVersionGroup section */
	};
	rootObject = 4F62120B28BF8858000D68D3 /* Project object */;
}
